
Microsoft Visual Studio Solution File, Format Version 12.00
# Visual Studio Version 17
VisualStudioVersion = 17.14.36518.9 d17.14
MinimumVisualStudioVersion = 10.0.40219.1
Project("{FAE04EC0-301F-11D3-BF4B-00C04F79EFBC}") = "Demo1", "Demo1\Demo1.csproj", "{18C8AC06-3E95-4D90-B1EC-DE24E07706F1}"
EndProject
Global
	GlobalSection(SolutionConfigurationPlatforms) = preSolution
		Debug|Any CPU = Debug|Any CPU
		Release|Any CPU = Release|Any CPU
	EndGlobalSection
	GlobalSection(ProjectConfigurationPlatforms) = postSolution
		{18C8AC06-3E95-4D90-B1EC-DE24E07706F1}.Debug|Any CPU.ActiveCfg = Debug|Any CPU
		{18C8AC06-3E95-4D90-B1EC-DE24E07706F1}.Debug|Any CPU.Build.0 = Debug|Any CPU
		{18C8AC06-3E95-4D90-B1EC-DE24E07706F1}.Release|Any CPU.ActiveCfg = Release|Any CPU
		{18C8AC06-3E95-4D90-B1EC-DE24E07706F1}.Release|Any CPU.Build.0 = Release|Any CPU
	EndGlobalSection
	GlobalSection(SolutionProperties) = preSolution
		HideSolutionNode = FALSE
	EndGlobalSection
	GlobalSection(ExtensibilityGlobals) = postSolution
		SolutionGuid = {5DC730C0-1422-4CFF-A9F3-EEE567152DC0}
	EndGlobalSection
EndGlobal
