
Microsoft Visual Studio Solution File, Format Version 12.00
# Visual Studio Version 17
VisualStudioVersion = 17.14.36518.9 d17.14
MinimumVisualStudioVersion = 10.0.40219.1
Project("{FAE04EC0-301F-11D3-BF4B-00C04F79EFBC}") = "Day2_Demo2", "Day2_Demo2\Day2_Demo2.csproj", "{ACAB1DDB-D2A4-43C3-83AD-BB274387CB45}"
EndProject
Global
	GlobalSection(SolutionConfigurationPlatforms) = preSolution
		Debug|Any CPU = Debug|Any CPU
		Release|Any CPU = Release|Any CPU
	EndGlobalSection
	GlobalSection(ProjectConfigurationPlatforms) = postSolution
		{ACAB1DDB-D2A4-43C3-83AD-BB274387CB45}.Debug|Any CPU.ActiveCfg = Debug|Any CPU
		{ACAB1DDB-D2A4-43C3-83AD-BB274387CB45}.Debug|Any CPU.Build.0 = Debug|Any CPU
		{ACAB1DDB-D2A4-43C3-83AD-BB274387CB45}.Release|Any CPU.ActiveCfg = Release|Any CPU
		{ACAB1DDB-D2A4-43C3-83AD-BB274387CB45}.Release|Any CPU.Build.0 = Release|Any CPU
	EndGlobalSection
	GlobalSection(SolutionProperties) = preSolution
		HideSolutionNode = FALSE
	EndGlobalSection
	GlobalSection(ExtensibilityGlobals) = postSolution
		SolutionGuid = {58FBEF45-60DF-4F85-8EA6-8B5ADC48F38D}
	EndGlobalSection
EndGlobal
